// !$*UTF8*$!
{
	archiveVersion = 1;
	classes = {
	};
	objectVersion = 77;
	objects = {

/* Begin PBXContainerItemProxy section */
		0EDC5FEE2E8BA032007C71DE /* PBXContainerItemProxy */ = {
			isa = PBXContainerItemProxy;
			containerPortal = 0EDC5FD72E8BA030007C71DE /* Project object */;
			proxyType = 1;
			remoteGlobalIDString = 0EDC5FDE2E8BA030007C71DE;
			remoteInfo = CapyTimer;
		};
		0EDC5FF82E8BA032007C71DE /* PBXContainerItemProxy */ = {
			isa = PBXContainerItemProxy;
			containerPortal = 0EDC5FD72E8BA030007C71DE /* Project object */;
			proxyType = 1;
			remoteGlobalIDString = 0EDC5FDE2E8BA030007C71DE;
			remoteInfo = CapyTimer;
		};
/* End PBXContainerItemProxy section */

/* Begin PBXFileReference section */
		0EDC5FDF2E8BA030007C71DE /* CapyTimer.app */ = {isa = PBXFileReference; explicitFileType = wrapper.application; includeInIndex = 0; path = CapyTimer.app; sourceTree = BUILT_PRODUCTS_DIR; };
		0EDC5FED2E8BA032007C71DE /* CapyTimerTests.xctest */ = {isa = PBXFileReference; explicitFileType = wrapper.cfbundle; includeInIndex = 0; path = CapyTimerTests.xctest; sourceTree = BUILT_PRODUCTS_DIR; };
		0EDC5FF72E8BA032007C71DE /* CapyTimerUITests.xctest */ = {isa = PBXFileReference; explicitFileType = wrapper.cfbundle; includeInIndex = 0; path = CapyTimerUITests.xctest; sourceTree = BUILT_PRODUCTS_DIR; };
/* End PBXFileReference section */

/* Begin PBXFileSystemSynchronizedRootGroup section */
		0EDC5FE12E8BA030007C71DE /* CapyTimer */ = {
			isa = PBXFileSystemSynchronizedRootGroup;
			path = CapyTimer;
			sourceTree = "<group>";
		};
		0EDC5FF02E8BA032007C71DE /* CapyTimerTests */ = {
			isa = PBXFileSystemSynchronizedRootGroup;
			path = CapyTimerTests;
			sourceTree = "<group>";
		};
		0EDC5FFA2E8BA032007C71DE /* CapyTimerUITests */ = {
			isa = PBXFileSystemSynchronizedRootGroup;
			path = CapyTimerUITests;
			sourceTree = "<group>";
		};
/* End PBXFileSystemSynchronizedRootGroup section */

/* Begin PBXFrameworksBuildPhase section */
		0EDC5FDC2E8BA030007C71DE /* Frameworks */ = {
			isa = PBXFrameworksBuildPhase;
			buildActionMask = 2147483647;
			files = (
			);
			runOnlyForDeploymentPostprocessing = 0;
		};
		0EDC5FEA2E8BA032007C71DE /* Frameworks */ = {
			isa = PBXFrameworksBuildPhase;
			buildActionMask = 2147483647;
			files = (
			);
			runOnlyForDeploymentPostprocessing = 0;
		};
		0EDC5FF42E8BA032007C71DE /* Frameworks */ = {
			isa = PBXFrameworksBuildPhase;
			buildActionMask = 2147483647;
			files = (
			);
			runOnlyForDeploymentPostprocessing = 0;
		};
/* End PBXFrameworksBuildPhase section */

/* Begin PBXGroup section */
		0EDC5FD62E8BA030007C71DE = {
			isa = PBXGroup;
			children = (
				0EDC5FE12E8BA030007C71DE /* CapyTimer */,
				0EDC5FF02E8BA032007C71DE /* CapyTimerTests */,
				0EDC5FFA2E8BA032007C71DE /* CapyTimerUITests */,
				0EDC5FE02E8BA030007C71DE /* Products */,
			);
			sourceTree = "<group>";
		};
		0EDC5FE02E8BA030007C71DE /* Products */ = {
			isa = PBXGroup;
			children = (
				0EDC5FDF2E8BA030007C71DE /* CapyTimer.app */,
				0EDC5FED2E8BA032007C71DE /* CapyTimerTests.xctest */,
				0EDC5FF72E8BA032007C71DE /* CapyTimerUITests.xctest */,
			);
			name = Products;
			sourceTree = "<group>";
		};
/* End PBXGroup section */

/* Begin PBXNativeTarget section */
		0EDC5FDE2E8BA030007C71DE /* CapyTimer */ = {
			isa = PBXNativeTarget;
			buildConfigurationList = 0EDC60012E8BA032007C71DE /* Build configuration list for PBXNativeTarget "CapyTimer" */;
			buildPhases = (
				0EDC5FDB2E8BA030007C71DE /* Sources */,
				0EDC5FDC2E8BA030007C71DE /* Frameworks */,
				0EDC5FDD2E8BA030007C71DE /* Resources */,
			);
			buildRules = (
			);
			dependencies = (
			);
			fileSystemSynchronizedGroups = (
				0EDC5FE12E8BA030007C71DE /* CapyTimer */,
			);
			name = CapyTimer;
			packageProductDependencies = (
			);
			productName = CapyTimer;
			productReference = 0EDC5FDF2E8BA030007C71DE /* CapyTimer.app */;
			productType = "com.apple.product-type.application";
		};
		0EDC5FEC2E8BA032007C71DE /* CapyTimerTests */ = {
			isa = PBXNativeTarget;
			buildConfigurationList = 0EDC60042E8BA032007C71DE /* Build configuration list for PBXNativeTarget "CapyTimerTests" */;
			buildPhases = (
				0EDC5FE92E8BA032007C71DE /* Sources */,
				0EDC5FEA2E8BA032007C71DE /* Frameworks */,
				0EDC5FEB2E8BA032007C71DE /* Resources */,
			);
			buildRules = (
			);
			dependencies = (
				0EDC5FEF2E8BA032007C71DE /* PBXTargetDependency */,
			);
			fileSystemSynchronizedGroups = (
				0EDC5FF02E8BA032007C71DE /* CapyTimerTests */,
			);
			name = CapyTimerTests;
			packageProductDependencies = (
			);
			productName = CapyTimerTests;
			productReference = 0EDC5FED2E8BA032007C71DE /* CapyTimerTests.xctest */;
			productType = "com.apple.product-type.bundle.unit-test";
		};
		0EDC5FF62E8BA032007C71DE /* CapyTimerUITests */ = {
			isa = PBXNativeTarget;
			buildConfigurationList = 0EDC60072E8BA032007C71DE /* Build configuration list for PBXNativeTarget "CapyTimerUITests" */;
			buildPhases = (
				0EDC5FF32E8BA032007C71DE /* Sources */,
				0EDC5FF42E8BA032007C71DE /* Frameworks */,
				0EDC5FF52E8BA032007C71DE /* Resources */,
			);
			buildRules = (
			);
			dependencies = (
				0EDC5FF92E8BA032007C71DE /* PBXTargetDependency */,
			);
			fileSystemSynchronizedGroups = (
				0EDC5FFA2E8BA032007C71DE /* CapyTimerUITests */,
			);
			name = CapyTimerUITests;
			packageProductDependencies = (
			);
			productName = CapyTimerUITests;
			productReference = 0EDC5FF72E8BA032007C71DE /* CapyTimerUITests.xctest */;
			productType = "com.apple.product-type.bundle.ui-testing";
		};
/* End PBXNativeTarget section */

/* Begin PBXProject section */
		0EDC5FD72E8BA030007C71DE /* Project object */ = {
			isa = PBXProject;
			attributes = {
				BuildIndependentTargetsInParallel = 1;
				LastSwiftUpdateCheck = 1640;
				LastUpgradeCheck = 1640;
				TargetAttributes = {
					0EDC5FDE2E8BA030007C71DE = {
						CreatedOnToolsVersion = 16.4;
					};
					0EDC5FEC2E8BA032007C71DE = {
						CreatedOnToolsVersion = 16.4;
						TestTargetID = 0EDC5FDE2E8BA030007C71DE;
					};
					0EDC5FF62E8BA032007C71DE = {
						CreatedOnToolsVersion = 16.4;
						TestTargetID = 0EDC5FDE2E8BA030007C71DE;
					};
				};
			};
			buildConfigurationList = 0EDC5FDA2E8BA030007C71DE /* Build configuration list for PBXProject "CapyTimer" */;
			developmentRegion = en;
			hasScannedForEncodings = 0;
			knownRegions = (
				en,
				Base,
			);
			mainGroup = 0EDC5FD62E8BA030007C71DE;
			minimizedProjectReferenceProxies = 1;
			preferredProjectObjectVersion = 77;
			productRefGroup = 0EDC5FE02E8BA030007C71DE /* Products */;
			projectDirPath = "";
			projectRoot = "";
			targets = (
				0EDC5FDE2E8BA030007C71DE /* CapyTimer */,
				0EDC5FEC2E8BA032007C71DE /* CapyTimerTests */,
				0EDC5FF62E8BA032007C71DE /* CapyTimerUITests */,
			);
		};
/* End PBXProject section */

/* Begin PBXResourcesBuildPhase section */
		0EDC5FDD2E8BA030007C71DE /* Resources */ = {
			isa = PBXResourcesBuildPhase;
			buildActionMask = 2147483647;
			files = (
			);
			runOnlyForDeploymentPostprocessing = 0;
		};
		0EDC5FEB2E8BA032007C71DE /* Resources */ = {
			isa = PBXResourcesBuildPhase;
			buildActionMask = 2147483647;
			files = (
			);
			runOnlyForDeploymentPostprocessing = 0;
		};
		0EDC5FF52E8BA032007C71DE /* Resources */ = {
			isa = PBXResourcesBuildPhase;
			buildActionMask = 2147483647;
			files = (
			);
			runOnlyForDeploymentPostprocessing = 0;
		};
/* End PBXResourcesBuildPhase section */

/* Begin PBXSourcesBuildPhase section */
		0EDC5FDB2E8BA030007C71DE /* Sources */ = {
			isa = PBXSourcesBuildPhase;
			buildActionMask = 2147483647;
			files = (
			);
			runOnlyForDeploymentPostprocessing = 0;
		};
		0EDC5FE92E8BA032007C71DE /* Sources */ = {
			isa = PBXSourcesBuildPhase;
			buildActionMask = 2147483647;
			files = (
			);
			runOnlyForDeploymentPostprocessing = 0;
		};
		0EDC5FF32E8BA032007C71DE /* Sources */ = {
			isa = PBXSourcesBuildPhase;
			buildActionMask = 2147483647;
			files = (
			);
			runOnlyForDeploymentPostprocessing = 0;
		};
/* End PBXSourcesBuildPhase section */

/* Begin PBXTargetDependency section */
		0EDC5FEF2E8BA032007C71DE /* PBXTargetDependency */ = {
			isa = PBXTargetDependency;
			target = 0EDC5FDE2E8BA030007C71DE /* CapyTimer */;
			targetProxy = 0EDC5FEE2E8BA032007C71DE /* PBXContainerItemProxy */;
		};
		0EDC5FF92E8BA032007C71DE /* PBXTargetDependency */ = {
			isa = PBXTargetDependency;
			target = 0EDC5FDE2E8BA030007C71DE /* CapyTimer */;
			targetProxy = 0EDC5FF82E8BA032007C71DE /* PBXContainerItemProxy */;
		};
/* End PBXTargetDependency section */

/* Begin XCBuildConfiguration section */
		0EDC5FFF2E8BA032007C71DE /* Debug */ = {
			isa = XCBuildConfiguration;
			buildSettings = {
				ALWAYS_SEARCH_USER_PATHS = NO;
				ASSETCATALOG_COMPILER_GENERATE_SWIFT_ASSET_SYMBOL_EXTENSIONS = YES;
				CLANG_ANALYZER_NONNULL = YES;
				CLANG_ANALYZER_NUMBER_OBJECT_CONVERSION = YES_AGGRESSIVE;
				CLANG_CXX_LANGUAGE_STANDARD = "gnu++20";
				CLANG_ENABLE_MODULES = YES;
				CLANG_ENABLE_OBJC_ARC = YES;
				CLANG_ENABLE_OBJC_WEAK = YES;
				CLANG_WARN_BLOCK_CAPTURE_AUTORELEASING = YES;
				CLANG_WARN_BOOL_CONVERSION = YES;
				CLANG_WARN_COMMA = YES;
				CLANG_WARN_CONSTANT_CONVERSION = YES;
				CLANG_WARN_DEPRECATED_OBJC_IMPLEMENTATIONS = YES;
				CLANG_WARN_DIRECT_OBJC_ISA_USAGE = YES_ERROR;
				CLANG_WARN_DOCUMENTATION_COMMENTS = YES;
				CLANG_WARN_EMPTY_BODY = YES;
				CLANG_WARN_ENUM_CONVERSION = YES;
				CLANG_WARN_INFINITE_RECURSION = YES;
				CLANG_WARN_INT_CONVERSION = YES;
				CLANG_WARN_NON_LITERAL_NULL_CONVERSION = YES;
				CLANG_WARN_OBJC_IMPLICIT_RETAIN_SELF = YES;
				CLANG_WARN_OBJC_LITERAL_CONVERSION = YES;
				CLANG_WARN_OBJC_ROOT_CLASS = YES_ERROR;
				CLANG_WARN_QUOTED_INCLUDE_IN_FRAMEWORK_HEADER = YES;
				CLANG_WARN_RANGE_LOOP_ANALYSIS = YES;
				CLANG_WARN_STRICT_PROTOTYPES = YES;
				CLANG_WARN_SUSPICIOUS_MOVE = YES;
				CLANG_WARN_UNGUARDED_AVAILABILITY = YES_AGGRESSIVE;
				CLANG_WARN_UNREACHABLE_CODE = YES;
				CLANG_WARN__DUPLICATE_METHOD_MATCH = YES;
				COPY_PHASE_STRIP = NO;
				DEBUG_INFORMATION_FORMAT = dwarf;
				DEVELOPMENT_TEAM = 9PPCTLF5FW;
				ENABLE_STRICT_OBJC_MSGSEND = YES;
				ENABLE_TESTABILITY = YES;
				ENABLE_USER_SCRIPT_SANDBOXING = YES;
				GCC_C_LANGUAGE_STANDARD = gnu17;
				GCC_DYNAMIC_NO_PIC = NO;
				GCC_NO_COMMON_BLOCKS = YES;
				GCC_OPTIMIZATION_LEVEL = 0;
				GCC_PREPROCESSOR_DEFINITIONS = (
					"DEBUG=1",
					"$(inherited)",
				);
				GCC_WARN_64_TO_32_BIT_CONVERSION = YES;
				GCC_WARN_ABOUT_RETURN_TYPE = YES_ERROR;
				GCC_WARN_UNDECLARED_SELECTOR = YES;
				GCC_WARN_UNINITIALIZED_AUTOS = YES_AGGRESSIVE;
				GCC_WARN_UNUSED_FUNCTION = YES;
				GCC_WARN_UNUSED_VARIABLE = YES;
				LOCALIZATION_PREFERS_STRING_CATALOGS = YES;
				MACOSX_DEPLOYMENT_TARGET = 15.5;
				MTL_ENABLE_DEBUG_INFO = INCLUDE_SOURCE;
				MTL_FAST_MATH = YES;
				ONLY_ACTIVE_ARCH = YES;
				SDKROOT = macosx;
				SWIFT_ACTIVE_COMPILATION_CONDITIONS = "DEBUG $(inherited)";
				SWIFT_OPTIMIZATION_LEVEL = "-Onone";
			};
			name = Debug;
		};
		0EDC60002E8BA032007C71DE /* Release */ = {
			isa = XCBuildConfiguration;
			buildSettings = {
				ALWAYS_SEARCH_USER_PATHS = NO;
				ASSETCATALOG_COMPILER_GENERATE_SWIFT_ASSET_SYMBOL_EXTENSIONS = YES;
				CLANG_ANALYZER_NONNULL = YES;
				CLANG_ANALYZER_NUMBER_OBJECT_CONVERSION = YES_AGGRESSIVE;
				CLANG_CXX_LANGUAGE_STANDARD = "gnu++20";
				CLANG_ENABLE_MODULES = YES;
				CLANG_ENABLE_OBJC_ARC = YES;
				CLANG_ENABLE_OBJC_WEAK = YES;
				CLANG_WARN_BLOCK_CAPTURE_AUTORELEASING = YES;
				CLANG_WARN_BOOL_CONVERSION = YES;
				CLANG_WARN_COMMA = YES;
				CLANG_WARN_CONSTANT_CONVERSION = YES;
				CLANG_WARN_DEPRECATED_OBJC_IMPLEMENTATIONS = YES;
				CLANG_WARN_DIRECT_OBJC_ISA_USAGE = YES_ERROR;
				CLANG_WARN_DOCUMENTATION_COMMENTS = YES;
				CLANG_WARN_EMPTY_BODY = YES;
				CLANG_WARN_ENUM_CONVERSION = YES;
				CLANG_WARN_INFINITE_RECURSION = YES;
				CLANG_WARN_INT_CONVERSION = YES;
				CLANG_WARN_NON_LITERAL_NULL_CONVERSION = YES;
				CLANG_WARN_OBJC_IMPLICIT_RETAIN_SELF = YES;
				CLANG_WARN_OBJC_LITERAL_CONVERSION = YES;
				CLANG_WARN_OBJC_ROOT_CLASS = YES_ERROR;
				CLANG_WARN_QUOTED_INCLUDE_IN_FRAMEWORK_HEADER = YES;
				CLANG_WARN_RANGE_LOOP_ANALYSIS = YES;
				CLANG_WARN_STRICT_PROTOTYPES = YES;
				CLANG_WARN_SUSPICIOUS_MOVE = YES;
				CLANG_WARN_UNGUARDED_AVAILABILITY = YES_AGGRESSIVE;
				CLANG_WARN_UNREACHABLE_CODE = YES;
				CLANG_WARN__DUPLICATE_METHOD_MATCH = YES;
				COPY_PHASE_STRIP = NO;
				DEBUG_INFORMATION_FORMAT = "dwarf-with-dsym";
				DEVELOPMENT_TEAM = 9PPCTLF5FW;
				ENABLE_NS_ASSERTIONS = NO;
				ENABLE_STRICT_OBJC_MSGSEND = YES;
				ENABLE_USER_SCRIPT_SANDBOXING = YES;
				GCC_C_LANGUAGE_STANDARD = gnu17;
				GCC_NO_COMMON_BLOCKS = YES;
				GCC_WARN_64_TO_32_BIT_CONVERSION = YES;
				GCC_WARN_ABOUT_RETURN_TYPE = YES_ERROR;
				GCC_WARN_UNDECLARED_SELECTOR = YES;
				GCC_WARN_UNINITIALIZED_AUTOS = YES_AGGRESSIVE;
				GCC_WARN_UNUSED_FUNCTION = YES;
				GCC_WARN_UNUSED_VARIABLE = YES;
				LOCALIZATION_PREFERS_STRING_CATALOGS = YES;
				MACOSX_DEPLOYMENT_TARGET = 15.5;
				MTL_ENABLE_DEBUG_INFO = NO;
				MTL_FAST_MATH = YES;
				SDKROOT = macosx;
				SWIFT_COMPILATION_MODE = wholemodule;
			};
			name = Release;
		};
		0EDC60022E8BA032007C71DE /* Debug */ = {
			isa = XCBuildConfiguration;
			buildSettings = {
				ASSETCATALOG_COMPILER_APPICON_NAME = AppIcon;
				ASSETCATALOG_COMPILER_GLOBAL_ACCENT_COLOR_NAME = AccentColor;
				CODE_SIGN_ENTITLEMENTS = CapyTimer/CapyTimer.entitlements;
				CODE_SIGN_STYLE = Automatic;
				COMBINE_HIDPI_IMAGES = YES;
				CURRENT_PROJECT_VERSION = 1;
				DEVELOPMENT_TEAM = 9PPCTLF5FW;
				ENABLE_HARDENED_RUNTIME = YES;
				ENABLE_PREVIEWS = YES;
				GENERATE_INFOPLIST_FILE = YES;
				INFOPLIST_KEY_NSHumanReadableCopyright = "";
				LD_RUNPATH_SEARCH_PATHS = (
					"$(inherited)",
					"@executable_path/../Frameworks",
				);
				MARKETING_VERSION = 1.0;
				PRODUCT_BUNDLE_IDENTIFIER = anvndev.CapyTimer;
				PRODUCT_NAME = "$(TARGET_NAME)";
				REGISTER_APP_GROUPS = YES;
				SWIFT_EMIT_LOC_STRINGS = YES;
				SWIFT_VERSION = 5.0;
			};
			name = Debug;
		};
		0EDC60032E8BA032007C71DE /* Release */ = {
			isa = XCBuildConfiguration;
			buildSettings = {
				ASSETCATALOG_COMPILER_APPICON_NAME = AppIcon;
				ASSETCATALOG_COMPILER_GLOBAL_ACCENT_COLOR_NAME = AccentColor;
				CODE_SIGN_ENTITLEMENTS = CapyTimer/CapyTimer.entitlements;
				CODE_SIGN_STYLE = Automatic;
				COMBINE_HIDPI_IMAGES = YES;
				CURRENT_PROJECT_VERSION = 1;
				DEVELOPMENT_TEAM = 9PPCTLF5FW;
				ENABLE_HARDENED_RUNTIME = YES;
				ENABLE_PREVIEWS = YES;
				GENERATE_INFOPLIST_FILE = YES;
				INFOPLIST_KEY_NSHumanReadableCopyright = "";
				LD_RUNPATH_SEARCH_PATHS = (
					"$(inherited)",
					"@executable_path/../Frameworks",
				);
				MARKETING_VERSION = 1.0;
				PRODUCT_BUNDLE_IDENTIFIER = anvndev.CapyTimer;
				PRODUCT_NAME = "$(TARGET_NAME)";
				REGISTER_APP_GROUPS = YES;
				SWIFT_EMIT_LOC_STRINGS = YES;
				SWIFT_VERSION = 5.0;
			};
			name = Release;
		};
		0EDC60052E8BA032007C71DE /* Debug */ = {
			isa = XCBuildConfiguration;
			buildSettings = {
				BUNDLE_LOADER = "$(TEST_HOST)";
				CODE_SIGN_STYLE = Automatic;
				CURRENT_PROJECT_VERSION = 1;
				DEVELOPMENT_TEAM = 9PPCTLF5FW;
				GENERATE_INFOPLIST_FILE = YES;
				MACOSX_DEPLOYMENT_TARGET = 15.5;
				MARKETING_VERSION = 1.0;
				PRODUCT_BUNDLE_IDENTIFIER = anvndev.CapyTimerTests;
				PRODUCT_NAME = "$(TARGET_NAME)";
				SWIFT_EMIT_LOC_STRINGS = NO;
				SWIFT_VERSION = 5.0;
				TEST_HOST = "$(BUILT_PRODUCTS_DIR)/CapyTimer.app/$(BUNDLE_EXECUTABLE_FOLDER_PATH)/CapyTimer";
			};
			name = Debug;
		};
		0EDC60062E8BA032007C71DE /* Release */ = {
			isa = XCBuildConfiguration;
			buildSettings = {
				BUNDLE_LOADER = "$(TEST_HOST)";
				CODE_SIGN_STYLE = Automatic;
				CURRENT_PROJECT_VERSION = 1;
				DEVELOPMENT_TEAM = 9PPCTLF5FW;
				GENERATE_INFOPLIST_FILE = YES;
				MACOSX_DEPLOYMENT_TARGET = 15.5;
				MARKETING_VERSION = 1.0;
				PRODUCT_BUNDLE_IDENTIFIER = anvndev.CapyTimerTests;
				PRODUCT_NAME = "$(TARGET_NAME)";
				SWIFT_EMIT_LOC_STRINGS = NO;
				SWIFT_VERSION = 5.0;
				TEST_HOST = "$(BUILT_PRODUCTS_DIR)/CapyTimer.app/$(BUNDLE_EXECUTABLE_FOLDER_PATH)/CapyTimer";
			};
			name = Release;
		};
		0EDC60082E8BA032007C71DE /* Debug */ = {
			isa = XCBuildConfiguration;
			buildSettings = {
				CODE_SIGN_STYLE = Automatic;
				CURRENT_PROJECT_VERSION = 1;
				DEVELOPMENT_TEAM = 9PPCTLF5FW;
				GENERATE_INFOPLIST_FILE = YES;
				MARKETING_VERSION = 1.0;
				PRODUCT_BUNDLE_IDENTIFIER = anvndev.CapyTimerUITests;
				PRODUCT_NAME = "$(TARGET_NAME)";
				SWIFT_EMIT_LOC_STRINGS = NO;
				SWIFT_VERSION = 5.0;
				TEST_TARGET_NAME = CapyTimer;
			};
			name = Debug;
		};
		0EDC60092E8BA032007C71DE /* Release */ = {
			isa = XCBuildConfiguration;
			buildSettings = {
				CODE_SIGN_STYLE = Automatic;
				CURRENT_PROJECT_VERSION = 1;
				DEVELOPMENT_TEAM = 9PPCTLF5FW;
				GENERATE_INFOPLIST_FILE = YES;
				MARKETING_VERSION = 1.0;
				PRODUCT_BUNDLE_IDENTIFIER = anvndev.CapyTimerUITests;
				PRODUCT_NAME = "$(TARGET_NAME)";
				SWIFT_EMIT_LOC_STRINGS = NO;
				SWIFT_VERSION = 5.0;
				TEST_TARGET_NAME = CapyTimer;
			};
			name = Release;
		};
/* End XCBuildConfiguration section */

/* Begin XCConfigurationList section */
		0EDC5FDA2E8BA030007C71DE /* Build configuration list for PBXProject "CapyTimer" */ = {
			isa = XCConfigurationList;
			buildConfigurations = (
				0EDC5FFF2E8BA032007C71DE /* Debug */,
				0EDC60002E8BA032007C71DE /* Release */,
			);
			defaultConfigurationIsVisible = 0;
			defaultConfigurationName = Release;
		};
		0EDC60012E8BA032007C71DE /* Build configuration list for PBXNativeTarget "CapyTimer" */ = {
			isa = XCConfigurationList;
			buildConfigurations = (
				0EDC60022E8BA032007C71DE /* Debug */,
				0EDC60032E8BA032007C71DE /* Release */,
			);
			defaultConfigurationIsVisible = 0;
			defaultConfigurationName = Release;
		};
		0EDC60042E8BA032007C71DE /* Build configuration list for PBXNativeTarget "CapyTimerTests" */ = {
			isa = XCConfigurationList;
			buildConfigurations = (
				0EDC60052E8BA032007C71DE /* Debug */,
				0EDC60062E8BA032007C71DE /* Release */,
			);
			defaultConfigurationIsVisible = 0;
			defaultConfigurationName = Release;
		};
		0EDC60072E8BA032007C71DE /* Build configuration list for PBXNativeTarget "CapyTimerUITests" */ = {
			isa = XCConfigurationList;
			buildConfigurations = (
				0EDC60082E8BA032007C71DE /* Debug */,
				0EDC60092E8BA032007C71DE /* Release */,
			);
			defaultConfigurationIsVisible = 0;
			defaultConfigurationName = Release;
		};
/* End XCConfigurationList section */
	};
	rootObject = 0EDC5FD72E8BA030007C71DE /* Project object */;
}
